// !$*UTF8*$!
{
	archiveVersion = 1;
	classes = {
	};
	objectVersion = 55;
	objects = {

/* Begin PBXBuildFile section */
		6E0D7C402829586C00C8B349 /* NetworkingManager.swift in Sources */ = {isa = PBXBuildFile; fileRef = 6E0D7C3F2829586C00C8B349 /* NetworkingManager.swift */; };
		6E0D7C432829609A00C8B349 /* CoinImageView.swift in Sources */ = {isa = PBXBuildFile; fileRef = 6E0D7C422829609A00C8B349 /* CoinImageView.swift */; };
		6E0D7C45282962BB00C8B349 /* CoinImageService.swift in Sources */ = {isa = PBXBuildFile; fileRef = 6E0D7C44282962BB00C8B349 /* CoinImageService.swift */; };
		6E0D7C472829652400C8B349 /* CoinImageViewModel.swift in Sources */ = {isa = PBXBuildFile; fileRef = 6E0D7C462829652400C8B349 /* CoinImageViewModel.swift */; };
		6E0D7C49282A9C5300C8B349 /* LocalFileManager.swift in Sources */ = {isa = PBXBuildFile; fileRef = 6E0D7C48282A9C5300C8B349 /* LocalFileManager.swift */; };
		6E0D7C4B282BA12300C8B349 /* SearchBarView.swift in Sources */ = {isa = PBXBuildFile; fileRef = 6E0D7C4A282BA12300C8B349 /* SearchBarView.swift */; };
		6E0D7C4D282BA76A00C8B349 /* UIApplication.swift in Sources */ = {isa = PBXBuildFile; fileRef = 6E0D7C4C282BA76A00C8B349 /* UIApplication.swift */; };
		6E0D7C4F282D4AD500C8B349 /* StatisticModel.swift in Sources */ = {isa = PBXBuildFile; fileRef = 6E0D7C4E282D4AD500C8B349 /* StatisticModel.swift */; };
		6E0D7C53282D4D1C00C8B349 /* StaticView.swift in Sources */ = {isa = PBXBuildFile; fileRef = 6E0D7C52282D4D1C00C8B349 /* StaticView.swift */; };
		6E0D7C55282D529B00C8B349 /* HomeStatsView.swift in Sources */ = {isa = PBXBuildFile; fileRef = 6E0D7C54282D529B00C8B349 /* HomeStatsView.swift */; };
		6E733A5E2826C9C600952E5B /* CryptoApp.swift in Sources */ = {isa = PBXBuildFile; fileRef = 6E733A5D2826C9C600952E5B /* CryptoApp.swift */; };
		6E733A602826C9C600952E5B /* ContentView.swift in Sources */ = {isa = PBXBuildFile; fileRef = 6E733A5F2826C9C600952E5B /* ContentView.swift */; };
		6E733A622826C9CB00952E5B /* Assets.xcassets in Resources */ = {isa = PBXBuildFile; fileRef = 6E733A612826C9CB00952E5B /* Assets.xcassets */; };
		6E733A652826C9CB00952E5B /* Preview Assets.xcassets in Resources */ = {isa = PBXBuildFile; fileRef = 6E733A642826C9CB00952E5B /* Preview Assets.xcassets */; };
		6E733A6D2826CBBE00952E5B /* Color.swift in Sources */ = {isa = PBXBuildFile; fileRef = 6E733A6C2826CBBE00952E5B /* Color.swift */; };
		6E733A6F2826CBE300952E5B /* Date.swift in Sources */ = {isa = PBXBuildFile; fileRef = 6E733A6E2826CBE300952E5B /* Date.swift */; };
		6E733A752826CE0E00952E5B /* HomeView.swift in Sources */ = {isa = PBXBuildFile; fileRef = 6E733A742826CE0E00952E5B /* HomeView.swift */; };
		6E733A792826CF5300952E5B /* CircleButtonView.swift in Sources */ = {isa = PBXBuildFile; fileRef = 6E733A782826CF5300952E5B /* CircleButtonView.swift */; };
		6E733A7B2826D4AB00952E5B /* CircleButtonAnimationView.swift in Sources */ = {isa = PBXBuildFile; fileRef = 6E733A7A2826D4AB00952E5B /* CircleButtonAnimationView.swift */; };
		6E733A7E2826EF7800952E5B /* CoinModel.swift in Sources */ = {isa = PBXBuildFile; fileRef = 6E733A7D2826EF7800952E5B /* CoinModel.swift */; };
		6E733A802826F68300952E5B /* CoinRowViews.swift in Sources */ = {isa = PBXBuildFile; fileRef = 6E733A7F2826F68300952E5B /* CoinRowViews.swift */; };
		6E733A842826F74000952E5B /* PreviewProvider.swift in Sources */ = {isa = PBXBuildFile; fileRef = 6E733A832826F74000952E5B /* PreviewProvider.swift */; };
		6E733A862829068000952E5B /* Double.swift in Sources */ = {isa = PBXBuildFile; fileRef = 6E733A852829068000952E5B /* Double.swift */; };
		6E733A8828290FD000952E5B /* HomeViewModel.swift in Sources */ = {isa = PBXBuildFile; fileRef = 6E733A8728290FD000952E5B /* HomeViewModel.swift */; };
		6E733A8B2829187000952E5B /* CoinDataService.swift in Sources */ = {isa = PBXBuildFile; fileRef = 6E733A8A2829187000952E5B /* CoinDataService.swift */; };
/* End PBXBuildFile section */

/* Begin PBXFileReference section */
		6E0D7C3F2829586C00C8B349 /* NetworkingManager.swift */ = {isa = PBXFileReference; lastKnownFileType = sourcecode.swift; path = NetworkingManager.swift; sourceTree = "<group>"; };
		6E0D7C422829609A00C8B349 /* CoinImageView.swift */ = {isa = PBXFileReference; lastKnownFileType = sourcecode.swift; path = CoinImageView.swift; sourceTree = "<group>"; };
		6E0D7C44282962BB00C8B349 /* CoinImageService.swift */ = {isa = PBXFileReference; lastKnownFileType = sourcecode.swift; path = CoinImageService.swift; sourceTree = "<group>"; };
		6E0D7C462829652400C8B349 /* CoinImageViewModel.swift */ = {isa = PBXFileReference; lastKnownFileType = sourcecode.swift; path = CoinImageViewModel.swift; sourceTree = "<group>"; };
		6E0D7C48282A9C5300C8B349 /* LocalFileManager.swift */ = {isa = PBXFileReference; lastKnownFileType = sourcecode.swift; path = LocalFileManager.swift; sourceTree = "<group>"; };
		6E0D7C4A282BA12300C8B349 /* SearchBarView.swift */ = {isa = PBXFileReference; lastKnownFileType = sourcecode.swift; path = SearchBarView.swift; sourceTree = "<group>"; };
		6E0D7C4C282BA76A00C8B349 /* UIApplication.swift */ = {isa = PBXFileReference; lastKnownFileType = sourcecode.swift; path = UIApplication.swift; sourceTree = "<group>"; };
		6E0D7C4E282D4AD500C8B349 /* StatisticModel.swift */ = {isa = PBXFileReference; lastKnownFileType = sourcecode.swift; path = StatisticModel.swift; sourceTree = "<group>"; };
		6E0D7C52282D4D1C00C8B349 /* StaticView.swift */ = {isa = PBXFileReference; lastKnownFileType = sourcecode.swift; path = StaticView.swift; sourceTree = "<group>"; };
		6E0D7C54282D529B00C8B349 /* HomeStatsView.swift */ = {isa = PBXFileReference; lastKnownFileType = sourcecode.swift; path = HomeStatsView.swift; sourceTree = "<group>"; };
		6E733A5A2826C9C600952E5B /* Crypto Tracker.app */ = {isa = PBXFileReference; explicitFileType = wrapper.application; includeInIndex = 0; path = "Crypto Tracker.app"; sourceTree = BUILT_PRODUCTS_DIR; };
		6E733A5D2826C9C600952E5B /* CryptoApp.swift */ = {isa = PBXFileReference; lastKnownFileType = sourcecode.swift; path = CryptoApp.swift; sourceTree = "<group>"; };
		6E733A5F2826C9C600952E5B /* ContentView.swift */ = {isa = PBXFileReference; lastKnownFileType = sourcecode.swift; path = ContentView.swift; sourceTree = "<group>"; };
		6E733A612826C9CB00952E5B /* Assets.xcassets */ = {isa = PBXFileReference; lastKnownFileType = folder.assetcatalog; path = Assets.xcassets; sourceTree = "<group>"; };
		6E733A642826C9CB00952E5B /* Preview Assets.xcassets */ = {isa = PBXFileReference; lastKnownFileType = folder.assetcatalog; path = "Preview Assets.xcassets"; sourceTree = "<group>"; };
		6E733A6C2826CBBE00952E5B /* Color.swift */ = {isa = PBXFileReference; fileEncoding = 4; lastKnownFileType = sourcecode.swift; path = Color.swift; sourceTree = "<group>"; };
		6E733A6E2826CBE300952E5B /* Date.swift */ = {isa = PBXFileReference; lastKnownFileType = sourcecode.swift; path = Date.swift; sourceTree = "<group>"; };
		6E733A742826CE0E00952E5B /* HomeView.swift */ = {isa = PBXFileReference; lastKnownFileType = sourcecode.swift; path = HomeView.swift; sourceTree = "<group>"; };
		6E733A782826CF5300952E5B /* CircleButtonView.swift */ = {isa = PBXFileReference; lastKnownFileType = sourcecode.swift; path = CircleButtonView.swift; sourceTree = "<group>"; };
		6E733A7A2826D4AB00952E5B /* CircleButtonAnimationView.swift */ = {isa = PBXFileReference; lastKnownFileType = sourcecode.swift; path = CircleButtonAnimationView.swift; sourceTree = "<group>"; };
		6E733A7D2826EF7800952E5B /* CoinModel.swift */ = {isa = PBXFileReference; lastKnownFileType = sourcecode.swift; path = CoinModel.swift; sourceTree = "<group>"; };
		6E733A7F2826F68300952E5B /* CoinRowViews.swift */ = {isa = PBXFileReference; lastKnownFileType = sourcecode.swift; path = CoinRowViews.swift; sourceTree = "<group>"; };
		6E733A832826F74000952E5B /* PreviewProvider.swift */ = {isa = PBXFileReference; lastKnownFileType = sourcecode.swift; path = PreviewProvider.swift; sourceTree = "<group>"; };
		6E733A852829068000952E5B /* Double.swift */ = {isa = PBXFileReference; lastKnownFileType = sourcecode.swift; path = Double.swift; sourceTree = "<group>"; };
		6E733A8728290FD000952E5B /* HomeViewModel.swift */ = {isa = PBXFileReference; lastKnownFileType = sourcecode.swift; path = HomeViewModel.swift; sourceTree = "<group>"; };
		6E733A8A2829187000952E5B /* CoinDataService.swift */ = {isa = PBXFileReference; lastKnownFileType = sourcecode.swift; path = CoinDataService.swift; sourceTree = "<group>"; };
/* End PBXFileReference section */

/* Begin PBXFrameworksBuildPhase section */
		6E733A572826C9C600952E5B /* Frameworks */ = {
			isa = PBXFrameworksBuildPhase;
			buildActionMask = 2147483647;
			files = (
			);
			runOnlyForDeploymentPostprocessing = 0;
		};
/* End PBXFrameworksBuildPhase section */

/* Begin PBXGroup section */
		6E0D7C3E2829585500C8B349 /* Utilities */ = {
			isa = PBXGroup;
			children = (
				6E0D7C3F2829586C00C8B349 /* NetworkingManager.swift */,
				6E0D7C48282A9C5300C8B349 /* LocalFileManager.swift */,
			);
			path = Utilities;
			sourceTree = "<group>";
		};
		6E0D7C412829608400C8B349 /* CoinImage */ = {
			isa = PBXGroup;
			children = (
				6E0D7C422829609A00C8B349 /* CoinImageView.swift */,
				6E0D7C462829652400C8B349 /* CoinImageViewModel.swift */,
			);
			path = CoinImage;
			sourceTree = "<group>";
		};
		6E733A512826C9C500952E5B = {
			isa = PBXGroup;
			children = (
				6E733A5C2826C9C600952E5B /* Crypto */,
				6E733A5B2826C9C600952E5B /* Products */,
			);
			sourceTree = "<group>";
		};
		6E733A5B2826C9C600952E5B /* Products */ = {
			isa = PBXGroup;
			children = (
				6E733A5A2826C9C600952E5B /* Crypto Tracker.app */,
			);
			name = Products;
			sourceTree = "<group>";
		};
		6E733A5C2826C9C600952E5B /* Crypto */ = {
			isa = PBXGroup;
			children = (
				6E0D7C3E2829585500C8B349 /* Utilities */,
				6E733A892829185F00952E5B /* Services */,
				6E733A7C2826EF6900952E5B /* Models */,
				6E733A5D2826C9C600952E5B /* CryptoApp.swift */,
				6E733A6B2826CB9900952E5B /* Extensions */,
				6E733A702826CDAB00952E5B /* Core */,
				6E733A5F2826C9C600952E5B /* ContentView.swift */,
				6E733A612826C9CB00952E5B /* Assets.xcassets */,
				6E733A632826C9CB00952E5B /* Preview Content */,
			);
			path = Crypto;
			sourceTree = "<group>";
		};
		6E733A632826C9CB00952E5B /* Preview Content */ = {
			isa = PBXGroup;
			children = (
				6E733A642826C9CB00952E5B /* Preview Assets.xcassets */,
			);
			path = "Preview Content";
			sourceTree = "<group>";
		};
		6E733A6B2826CB9900952E5B /* Extensions */ = {
			isa = PBXGroup;
			children = (
				6E733A6C2826CBBE00952E5B /* Color.swift */,
				6E733A6E2826CBE300952E5B /* Date.swift */,
				6E733A832826F74000952E5B /* PreviewProvider.swift */,
				6E733A852829068000952E5B /* Double.swift */,
				6E0D7C4C282BA76A00C8B349 /* UIApplication.swift */,
			);
			path = Extensions;
			sourceTree = "<group>";
		};
		6E733A702826CDAB00952E5B /* Core */ = {
			isa = PBXGroup;
			children = (
				6E733A762826CF3500952E5B /* Components */,
				6E733A712826CDB300952E5B /* Home */,
			);
			path = Core;
			sourceTree = "<group>";
		};
		6E733A712826CDB300952E5B /* Home */ = {
			isa = PBXGroup;
			children = (
				6E733A732826CDFC00952E5B /* ViewModels */,
				6E733A722826CDF600952E5B /* Views */,
			);
			path = Home;
			sourceTree = "<group>";
		};
		6E733A722826CDF600952E5B /* Views */ = {
			isa = PBXGroup;
			children = (
				6E733A742826CE0E00952E5B /* HomeView.swift */,
				6E733A7F2826F68300952E5B /* CoinRowViews.swift */,
				6E0D7C54282D529B00C8B349 /* HomeStatsView.swift */,
			);
			path = Views;
			sourceTree = "<group>";
		};
		6E733A732826CDFC00952E5B /* ViewModels */ = {
			isa = PBXGroup;
			children = (
				6E733A8728290FD000952E5B /* HomeViewModel.swift */,
			);
			path = ViewModels;
			sourceTree = "<group>";
		};
		6E733A762826CF3500952E5B /* Components */ = {
			isa = PBXGroup;
			children = (
				6E0D7C412829608400C8B349 /* CoinImage */,
				6E733A772826CF4000952E5B /* CircleButton */,
				6E0D7C4A282BA12300C8B349 /* SearchBarView.swift */,
				6E0D7C52282D4D1C00C8B349 /* StaticView.swift */,
			);
			path = Components;
			sourceTree = "<group>";
		};
		6E733A772826CF4000952E5B /* CircleButton */ = {
			isa = PBXGroup;
			children = (
				6E733A782826CF5300952E5B /* CircleButtonView.swift */,
				6E733A7A2826D4AB00952E5B /* CircleButtonAnimationView.swift */,
			);
			path = CircleButton;
			sourceTree = "<group>";
		};
		6E733A7C2826EF6900952E5B /* Models */ = {
			isa = PBXGroup;
			children = (
				6E733A7D2826EF7800952E5B /* CoinModel.swift */,
				6E0D7C4E282D4AD500C8B349 /* StatisticModel.swift */,
			);
			path = Models;
			sourceTree = "<group>";
		};
		6E733A892829185F00952E5B /* Services */ = {
			isa = PBXGroup;
			children = (
				6E733A8A2829187000952E5B /* CoinDataService.swift */,
				6E0D7C44282962BB00C8B349 /* CoinImageService.swift */,
			);
			path = Services;
			sourceTree = "<group>";
		};
/* End PBXGroup section */

/* Begin PBXNativeTarget section */
		6E733A592826C9C600952E5B /* Crypto */ = {
			isa = PBXNativeTarget;
			buildConfigurationList = 6E733A682826C9CB00952E5B /* Build configuration list for PBXNativeTarget "Crypto" */;
			buildPhases = (
				6E733A562826C9C600952E5B /* Sources */,
				6E733A572826C9C600952E5B /* Frameworks */,
				6E733A582826C9C600952E5B /* Resources */,
			);
			buildRules = (
			);
			dependencies = (
			);
			name = Crypto;
			productName = Crypto;
			productReference = 6E733A5A2826C9C600952E5B /* Crypto Tracker.app */;
			productType = "com.apple.product-type.application";
		};
/* End PBXNativeTarget section */

/* Begin PBXProject section */
		6E733A522826C9C600952E5B /* Project object */ = {
			isa = PBXProject;
			attributes = {
				BuildIndependentTargetsInParallel = 1;
				LastSwiftUpdateCheck = 1330;
				LastUpgradeCheck = 1330;
				TargetAttributes = {
					6E733A592826C9C600952E5B = {
						CreatedOnToolsVersion = 13.3.1;
					};
				};
			};
			buildConfigurationList = 6E733A552826C9C600952E5B /* Build configuration list for PBXProject "Crypto" */;
			compatibilityVersion = "Xcode 13.0";
			developmentRegion = en;
			hasScannedForEncodings = 0;
			knownRegions = (
				en,
				Base,
			);
			mainGroup = 6E733A512826C9C500952E5B;
			productRefGroup = 6E733A5B2826C9C600952E5B /* Products */;
			projectDirPath = "";
			projectRoot = "";
			targets = (
				6E733A592826C9C600952E5B /* Crypto */,
			);
		};
/* End PBXProject section */

/* Begin PBXResourcesBuildPhase section */
		6E733A582826C9C600952E5B /* Resources */ = {
			isa = PBXResourcesBuildPhase;
			buildActionMask = 2147483647;
			files = (
				6E733A652826C9CB00952E5B /* Preview Assets.xcassets in Resources */,
				6E733A622826C9CB00952E5B /* Assets.xcassets in Resources */,
			);
			runOnlyForDeploymentPostprocessing = 0;
		};
/* End PBXResourcesBuildPhase section */

/* Begin PBXSourcesBuildPhase section */
		6E733A562826C9C600952E5B /* Sources */ = {
			isa = PBXSourcesBuildPhase;
			buildActionMask = 2147483647;
			files = (
				6E733A792826CF5300952E5B /* CircleButtonView.swift in Sources */,
				6E0D7C4F282D4AD500C8B349 /* StatisticModel.swift in Sources */,
				6E733A802826F68300952E5B /* CoinRowViews.swift in Sources */,
				6E733A7B2826D4AB00952E5B /* CircleButtonAnimationView.swift in Sources */,
				6E733A602826C9C600952E5B /* ContentView.swift in Sources */,
				6E733A5E2826C9C600952E5B /* CryptoApp.swift in Sources */,
				6E0D7C53282D4D1C00C8B349 /* StaticView.swift in Sources */,
				6E733A8B2829187000952E5B /* CoinDataService.swift in Sources */,
				6E733A7E2826EF7800952E5B /* CoinModel.swift in Sources */,
				6E733A6D2826CBBE00952E5B /* Color.swift in Sources */,
				6E0D7C4D282BA76A00C8B349 /* UIApplication.swift in Sources */,
				6E0D7C472829652400C8B349 /* CoinImageViewModel.swift in Sources */,
				6E733A8828290FD000952E5B /* HomeViewModel.swift in Sources */,
				6E0D7C55282D529B00C8B349 /* HomeStatsView.swift in Sources */,
				6E733A752826CE0E00952E5B /* HomeView.swift in Sources */,
				6E0D7C49282A9C5300C8B349 /* LocalFileManager.swift in Sources */,
				6E0D7C4B282BA12300C8B349 /* SearchBarView.swift in Sources */,
				6E733A6F2826CBE300952E5B /* Date.swift in Sources */,
				6E0D7C432829609A00C8B349 /* CoinImageView.swift in Sources */,
				6E733A862829068000952E5B /* Double.swift in Sources */,
				6E733A842826F74000952E5B /* PreviewProvider.swift in Sources */,
				6E0D7C45282962BB00C8B349 /* CoinImageService.swift in Sources */,
				6E0D7C402829586C00C8B349 /* NetworkingManager.swift in Sources */,
			);
			runOnlyForDeploymentPostprocessing = 0;
		};
/* End PBXSourcesBuildPhase section */

/* Begin XCBuildConfiguration section */
		6E733A662826C9CB00952E5B /* Debug */ = {
			isa = XCBuildConfiguration;
			buildSettings = {
				ALWAYS_SEARCH_USER_PATHS = NO;
				CLANG_ANALYZER_NONNULL = YES;
				CLANG_ANALYZER_NUMBER_OBJECT_CONVERSION = YES_AGGRESSIVE;
				CLANG_CXX_LANGUAGE_STANDARD = "gnu++17";
				CLANG_ENABLE_MODULES = YES;
				CLANG_ENABLE_OBJC_ARC = YES;
				CLANG_ENABLE_OBJC_WEAK = YES;
				CLANG_WARN_BLOCK_CAPTURE_AUTORELEASING = YES;
				CLANG_WARN_BOOL_CONVERSION = YES;
				CLANG_WARN_COMMA = YES;
				CLANG_WARN_CONSTANT_CONVERSION = YES;
				CLANG_WARN_DEPRECATED_OBJC_IMPLEMENTATIONS = YES;
				CLANG_WARN_DIRECT_OBJC_ISA_USAGE = YES_ERROR;
				CLANG_WARN_DOCUMENTATION_COMMENTS = YES;
				CLANG_WARN_EMPTY_BODY = YES;
				CLANG_WARN_ENUM_CONVERSION = YES;
				CLANG_WARN_INFINITE_RECURSION = YES;
				CLANG_WARN_INT_CONVERSION = YES;
				CLANG_WARN_NON_LITERAL_NULL_CONVERSION = YES;
				CLANG_WARN_OBJC_IMPLICIT_RETAIN_SELF = YES;
				CLANG_WARN_OBJC_LITERAL_CONVERSION = YES;
				CLANG_WARN_OBJC_ROOT_CLASS = YES_ERROR;
				CLANG_WARN_QUOTED_INCLUDE_IN_FRAMEWORK_HEADER = YES;
				CLANG_WARN_RANGE_LOOP_ANALYSIS = YES;
				CLANG_WARN_STRICT_PROTOTYPES = YES;
				CLANG_WARN_SUSPICIOUS_MOVE = YES;
				CLANG_WARN_UNGUARDED_AVAILABILITY = YES_AGGRESSIVE;
				CLANG_WARN_UNREACHABLE_CODE = YES;
				CLANG_WARN__DUPLICATE_METHOD_MATCH = YES;
				COPY_PHASE_STRIP = NO;
				DEBUG_INFORMATION_FORMAT = dwarf;
				ENABLE_STRICT_OBJC_MSGSEND = YES;
				ENABLE_TESTABILITY = YES;
				GCC_C_LANGUAGE_STANDARD = gnu11;
				GCC_DYNAMIC_NO_PIC = NO;
				GCC_NO_COMMON_BLOCKS = YES;
				GCC_OPTIMIZATION_LEVEL = 0;
				GCC_PREPROCESSOR_DEFINITIONS = (
					"DEBUG=1",
					"$(inherited)",
				);
				GCC_WARN_64_TO_32_BIT_CONVERSION = YES;
				GCC_WARN_ABOUT_RETURN_TYPE = YES_ERROR;
				GCC_WARN_UNDECLARED_SELECTOR = YES;
				GCC_WARN_UNINITIALIZED_AUTOS = YES_AGGRESSIVE;
				GCC_WARN_UNUSED_FUNCTION = YES;
				GCC_WARN_UNUSED_VARIABLE = YES;
				IPHONEOS_DEPLOYMENT_TARGET = 15.4;
				MTL_ENABLE_DEBUG_INFO = INCLUDE_SOURCE;
				MTL_FAST_MATH = YES;
				ONLY_ACTIVE_ARCH = YES;
				SDKROOT = iphoneos;
				SWIFT_ACTIVE_COMPILATION_CONDITIONS = DEBUG;
				SWIFT_OPTIMIZATION_LEVEL = "-Onone";
			};
			name = Debug;
		};
		6E733A672826C9CB00952E5B /* Release */ = {
			isa = XCBuildConfiguration;
			buildSettings = {
				ALWAYS_SEARCH_USER_PATHS = NO;
				CLANG_ANALYZER_NONNULL = YES;
				CLANG_ANALYZER_NUMBER_OBJECT_CONVERSION = YES_AGGRESSIVE;
				CLANG_CXX_LANGUAGE_STANDARD = "gnu++17";
				CLANG_ENABLE_MODULES = YES;
				CLANG_ENABLE_OBJC_ARC = YES;
				CLANG_ENABLE_OBJC_WEAK = YES;
				CLANG_WARN_BLOCK_CAPTURE_AUTORELEASING = YES;
				CLANG_WARN_BOOL_CONVERSION = YES;
				CLANG_WARN_COMMA = YES;
				CLANG_WARN_CONSTANT_CONVERSION = YES;
				CLANG_WARN_DEPRECATED_OBJC_IMPLEMENTATIONS = YES;
				CLANG_WARN_DIRECT_OBJC_ISA_USAGE = YES_ERROR;
				CLANG_WARN_DOCUMENTATION_COMMENTS = YES;
				CLANG_WARN_EMPTY_BODY = YES;
				CLANG_WARN_ENUM_CONVERSION = YES;
				CLANG_WARN_INFINITE_RECURSION = YES;
				CLANG_WARN_INT_CONVERSION = YES;
				CLANG_WARN_NON_LITERAL_NULL_CONVERSION = YES;
				CLANG_WARN_OBJC_IMPLICIT_RETAIN_SELF = YES;
				CLANG_WARN_OBJC_LITERAL_CONVERSION = YES;
				CLANG_WARN_OBJC_ROOT_CLASS = YES_ERROR;
				CLANG_WARN_QUOTED_INCLUDE_IN_FRAMEWORK_HEADER = YES;
				CLANG_WARN_RANGE_LOOP_ANALYSIS = YES;
				CLANG_WARN_STRICT_PROTOTYPES = YES;
				CLANG_WARN_SUSPICIOUS_MOVE = YES;
				CLANG_WARN_UNGUARDED_AVAILABILITY = YES_AGGRESSIVE;
				CLANG_WARN_UNREACHABLE_CODE = YES;
				CLANG_WARN__DUPLICATE_METHOD_MATCH = YES;
				COPY_PHASE_STRIP = NO;
				DEBUG_INFORMATION_FORMAT = "dwarf-with-dsym";
				ENABLE_NS_ASSERTIONS = NO;
				ENABLE_STRICT_OBJC_MSGSEND = YES;
				GCC_C_LANGUAGE_STANDARD = gnu11;
				GCC_NO_COMMON_BLOCKS = YES;
				GCC_WARN_64_TO_32_BIT_CONVERSION = YES;
				GCC_WARN_ABOUT_RETURN_TYPE = YES_ERROR;
				GCC_WARN_UNDECLARED_SELECTOR = YES;
				GCC_WARN_UNINITIALIZED_AUTOS = YES_AGGRESSIVE;
				GCC_WARN_UNUSED_FUNCTION = YES;
				GCC_WARN_UNUSED_VARIABLE = YES;
				IPHONEOS_DEPLOYMENT_TARGET = 15.4;
				MTL_ENABLE_DEBUG_INFO = NO;
				MTL_FAST_MATH = YES;
				SDKROOT = iphoneos;
				SWIFT_COMPILATION_MODE = wholemodule;
				SWIFT_OPTIMIZATION_LEVEL = "-O";
				VALIDATE_PRODUCT = YES;
			};
			name = Release;
		};
		6E733A692826C9CB00952E5B /* Debug */ = {
			isa = XCBuildConfiguration;
			buildSettings = {
				ASSETCATALOG_COMPILER_APPICON_NAME = AppIcon;
				ASSETCATALOG_COMPILER_GLOBAL_ACCENT_COLOR_NAME = AccentColor;
				CODE_SIGN_STYLE = Automatic;
				CURRENT_PROJECT_VERSION = 1;
				DEVELOPMENT_ASSET_PATHS = "\"Crypto/Preview Content\"";
				DEVELOPMENT_TEAM = 9P5MGPPGZ2;
				ENABLE_PREVIEWS = YES;
				GENERATE_INFOPLIST_FILE = YES;
				INFOPLIST_KEY_UIApplicationSceneManifest_Generation = YES;
				INFOPLIST_KEY_UIApplicationSupportsIndirectInputEvents = YES;
				INFOPLIST_KEY_UILaunchScreen_Generation = YES;
				INFOPLIST_KEY_UISupportedInterfaceOrientations = UIInterfaceOrientationPortrait;
				INFOPLIST_KEY_UISupportedInterfaceOrientations_iPad = "UIInterfaceOrientationPortrait UIInterfaceOrientationPortraitUpsideDown UIInterfaceOrientationLandscapeLeft UIInterfaceOrientationLandscapeRight";
				INFOPLIST_KEY_UISupportedInterfaceOrientations_iPhone = "UIInterfaceOrientationPortrait UIInterfaceOrientationLandscapeLeft UIInterfaceOrientationLandscapeRight";
				LD_RUNPATH_SEARCH_PATHS = (
					"$(inherited)",
					"@executable_path/Frameworks",
				);
				MARKETING_VERSION = 1.0;
				PRODUCT_BUNDLE_IDENTIFIER = com.sarika.Crypto;
				PRODUCT_NAME = "Crypto Tracker";
				SWIFT_EMIT_LOC_STRINGS = YES;
				SWIFT_VERSION = 5.0;
				TARGETED_DEVICE_FAMILY = "1,2";
			};
			name = Debug;
		};
		6E733A6A2826C9CB00952E5B /* Release */ = {
			isa = XCBuildConfiguration;
			buildSettings = {
				ASSETCATALOG_COMPILER_APPICON_NAME = AppIcon;
				ASSETCATALOG_COMPILER_GLOBAL_ACCENT_COLOR_NAME = AccentColor;
				CODE_SIGN_STYLE = Automatic;
				CURRENT_PROJECT_VERSION = 1;
				DEVELOPMENT_ASSET_PATHS = "\"Crypto/Preview Content\"";
				DEVELOPMENT_TEAM = 9P5MGPPGZ2;
				ENABLE_PREVIEWS = YES;
				GENERATE_INFOPLIST_FILE = YES;
				INFOPLIST_KEY_UIApplicationSceneManifest_Generation = YES;
				INFOPLIST_KEY_UIApplicationSupportsIndirectInputEvents = YES;
				INFOPLIST_KEY_UILaunchScreen_Generation = YES;
				INFOPLIST_KEY_UISupportedInterfaceOrientations = UIInterfaceOrientationPortrait;
				INFOPLIST_KEY_UISupportedInterfaceOrientations_iPad = "UIInterfaceOrientationPortrait UIInterfaceOrientationPortraitUpsideDown UIInterfaceOrientationLandscapeLeft UIInterfaceOrientationLandscapeRight";
				INFOPLIST_KEY_UISupportedInterfaceOrientations_iPhone = "UIInterfaceOrientationPortrait UIInterfaceOrientationLandscapeLeft UIInterfaceOrientationLandscapeRight";
				LD_RUNPATH_SEARCH_PATHS = (
					"$(inherited)",
					"@executable_path/Frameworks",
				);
				MARKETING_VERSION = 1.0;
				PRODUCT_BUNDLE_IDENTIFIER = com.sarika.Crypto;
				PRODUCT_NAME = "Crypto Tracker";
				SWIFT_EMIT_LOC_STRINGS = YES;
				SWIFT_VERSION = 5.0;
				TARGETED_DEVICE_FAMILY = "1,2";
			};
			name = Release;
		};
/* End XCBuildConfiguration section */

/* Begin XCConfigurationList section */
		6E733A552826C9C600952E5B /* Build configuration list for PBXProject "Crypto" */ = {
			isa = XCConfigurationList;
			buildConfigurations = (
				6E733A662826C9CB00952E5B /* Debug */,
				6E733A672826C9CB00952E5B /* Release */,
			);
			defaultConfigurationIsVisible = 0;
			defaultConfigurationName = Release;
		};
		6E733A682826C9CB00952E5B /* Build configuration list for PBXNativeTarget "Crypto" */ = {
			isa = XCConfigurationList;
			buildConfigurations = (
				6E733A692826C9CB00952E5B /* Debug */,
				6E733A6A2826C9CB00952E5B /* Release */,
			);
			defaultConfigurationIsVisible = 0;
			defaultConfigurationName = Release;
		};
/* End XCConfigurationList section */
	};
	rootObject = 6E733A522826C9C600952E5B /* Project object */;
}
